NeoBundleLock CSApprox a2958096696f9132ef0ece44b3fab93dac6df8d0
NeoBundleLock HTML-AutoCloseTag c2f6f59cf5c08dd487ef361f93ba09317a840e25
NeoBundleLock ctrlp.vim b5d3fe66a58a13d2ff8b6391f4387608496a030f
NeoBundleLock emmet-vim c24f2dcfcbf2a68b2527f98c0346124d086e33aa
NeoBundleLock grep.vim 852ddb0c6590bbc41c508d7f5d2fc17112492def
NeoBundleLock indentLine ea6548ead8e8fcec46fcff13993059678b5be9a2
NeoBundleLock jedi-vim 78fc26456acc701ffa121fe8d99ab77dcac994ef
NeoBundleLock molokai db8ce13b3737d3ddea8368498183d7c204a762eb
NeoBundleLock neobundle.vim f5ace1d749382ab5e5a22670d57c61303a927b72
NeoBundleLock nerdtree 3b98a7fcae8f9fff356907171f0406ff8cd28921
NeoBundleLock syntastic 7cbb79b73444247d546392ce0bba0f755bed329b
NeoBundleLock tagbar eb392a4502a035a2e7f53eb004fe58ef212a2861
NeoBundleLock ultisnips 1971030b506a8f0e2e0398fb166f21a5341f8c7a
NeoBundleLock vim-airline 1e35ad5d771262ae202e504bf20beefaad391b88
NeoBundleLock vim-bootstrap-updater 83f1e75acb63ef72f987c0fb72a9dcb3b3d76168
NeoBundleLock vim-coloresque 0c21b1469993e610600e88e734ffe90b9c10a514
NeoBundleLock vim-commentary 9c685131a5facfa0d643feca3a61b41c007d8170
NeoBundleLock vim-css3-syntax 9301019689e88ab48742a4d1c32c6a094303040d
NeoBundleLock vim-fugitive eb8eb1850a47671a8a3639feab8b2a50577e4913
NeoBundleLock vim-gitgutter 061258e04476c0f9f653a969e640bf03b3659594
NeoBundleLock vim-go bf94a57eb2cbce2bc244b54197dcf12750936dcc
NeoBundleLock vim-haml 204e32721154766e03e99ff857bc798aa5b741dc
NeoBundleLock vim-polyglot acd7ce59503b22ac7663fc25776efe25e266f1d4
NeoBundleLock vim-snippets 93d5c015bb451639a34feb8f6e48ae0ebed99ca2
NeoBundleLock vim-trailing-whitespace d4ad27de051848e544e360482bdf076b154de0c1
NeoBundleLock vimproc.vim 0f68bcd93399ecbcde3eaa4efd09107314c9bdee
NeoBundleLock vimshell.vim b65c2d530a7e42572bf404c7f8744655a4091ebe
